
Microsoft Visual Studio Solution File, Format Version 12.00
# Visual Studio Version 17
VisualStudioVersion = 17.5.002.0
MinimumVisualStudioVersion = 10.0.40219.1
Project("{9A19103F-16F7-4668-BE54-9A1E7A4F7556}") = "1", "1.csproj", "{C2AB1B13-5D86-4ACF-A741-DE9896E4F046}"
EndProject
Global
	GlobalSection(SolutionConfigurationPlatforms) = preSolution
		Debug|Any CPU = Debug|Any CPU
		Release|Any CPU = Release|Any CPU
	EndGlobalSection
	GlobalSection(ProjectConfigurationPlatforms) = postSolution
		{C2AB1B13-5D86-4ACF-A741-DE9896E4F046}.Debug|Any CPU.ActiveCfg = Debug|Any CPU
		{C2AB1B13-5D86-4ACF-A741-DE9896E4F046}.Debug|Any CPU.Build.0 = Debug|Any CPU
		{C2AB1B13-5D86-4ACF-A741-DE9896E4F046}.Release|Any CPU.ActiveCfg = Release|Any CPU
		{C2AB1B13-5D86-4ACF-A741-DE9896E4F046}.Release|Any CPU.Build.0 = Release|Any CPU
	EndGlobalSection
	GlobalSection(SolutionProperties) = preSolution
		HideSolutionNode = FALSE
	EndGlobalSection
	GlobalSection(ExtensibilityGlobals) = postSolution
		SolutionGuid = {B1E2BE03-E42A-4A2D-9876-91319D97D5F2}
	EndGlobalSection
EndGlobal
